# THIS IS AN AUTOGENERATED FILE. DO NOT EDIT THIS FILE DIRECTLY.
# yarn lockfile v1


"@web3-double-react/types@latest":
  version "8.2.2"
  resolved "https://registry.yarnpkg.com/@web3-double-react/types/-/types-8.2.2.tgz#f6b870c9a445c67badf6a89f6dae2d403a798f97"
  integrity sha512-idKlKx8U2xXEWXglpd7jQQkIzFoRQbJCLK5uBI/CqQYThjO0hei7Jahlba5s/G1Xl7GxjazjGj05IsdxseN+eQ==
