# THIS IS AN AUTOGENERATED FILE. DO NOT EDIT THIS FILE DIRECTLY.
# yarn lockfile v1


"@web3-double-react/abstract-connector@latest":
  version "8.2.2"
  resolved "https://registry.yarnpkg.com/@web3-double-react/abstract-connector/-/abstract-connector-8.2.2.tgz#c39b877e74380f63e17064d1513a5d15e365e463"
  integrity sha512-x2C2W595i5BeNdWM+ssayvVU8JBLfwa+ZW2rBElBIOCWh0EOWEQ5geoaRf79g22mGO8aflRjsBQs68GkwMl57g==
  dependencies:
    "@web3-react/types" "^6.0.7"

"@web3-double-react/types@latest":
  version "8.2.2"
  resolved "https://registry.yarnpkg.com/@web3-double-react/types/-/types-8.2.2.tgz#f6b870c9a445c67badf6a89f6dae2d403a798f97"
  integrity sha512-idKlKx8U2xXEWXglpd7jQQkIzFoRQbJCLK5uBI/CqQYThjO0hei7Jahlba5s/G1Xl7GxjazjGj05IsdxseN+eQ==

"@web3-react/types@^6.0.7":
  version "6.0.7"
  resolved "https://registry.yarnpkg.com/@web3-react/types/-/types-6.0.7.tgz#34a6204224467eedc6123abaf55fbb6baeb2809f"
  integrity sha512-ofGmfDhxmNT1/P/MgVa8IKSkCStFiyvXe+U5tyZurKdrtTDFU+wJ/LxClPDtFerWpczNFPUSrKcuhfPX1sI6+A==

tiny-invariant@^1.0.6:
  version "1.3.1"
  resolved "https://registry.yarnpkg.com/tiny-invariant/-/tiny-invariant-1.3.1.tgz#8560808c916ef02ecfd55e66090df23a4b7aa642"
  integrity sha512-AD5ih2NlSssTCwsMznbvwMZpJ1cbhkGd2uueNxzv2jDlEeZdU04JQfRnggJQ8DrcVBGjAsCKwFBbDlVNtEMlzw==
